
Microsoft Visual Studio Solution File, Format Version 12.00
# Visual Studio Version 17
VisualStudioVersion = 17.6.33801.468
MinimumVisualStudioVersion = 10.0.40219.1
Project("{FAE04EC0-301F-11D3-BF4B-00C04F79EFBC}") = "ATM", "ATM.csproj", "{075CD2BF-3A3B-4E30-8F57-1026A04D6CC0}"
EndProject
Global
	GlobalSection(SolutionConfigurationPlatforms) = preSolution
		Debug|Any CPU = Debug|Any CPU
		Release|Any CPU = Release|Any CPU
	EndGlobalSection
	GlobalSection(ProjectConfigurationPlatforms) = postSolution
		{075CD2BF-3A3B-4E30-8F57-1026A04D6CC0}.Debug|Any CPU.ActiveCfg = Debug|Any CPU
		{075CD2BF-3A3B-4E30-8F57-1026A04D6CC0}.Debug|Any CPU.Build.0 = Debug|Any CPU
		{075CD2BF-3A3B-4E30-8F57-1026A04D6CC0}.Release|Any CPU.ActiveCfg = Release|Any CPU
		{075CD2BF-3A3B-4E30-8F57-1026A04D6CC0}.Release|Any CPU.Build.0 = Release|Any CPU
	EndGlobalSection
	GlobalSection(SolutionProperties) = preSolution
		HideSolutionNode = FALSE
	EndGlobalSection
	GlobalSection(ExtensibilityGlobals) = postSolution
		SolutionGuid = {5F18C42C-4445-495B-A003-9A348F5F2C40}
	EndGlobalSection
EndGlobal
